
Microsoft Visual Studio Solution File, Format Version 12.00
# Visual Studio 15
VisualStudioVersion = 15.0.27130.2036
MinimumVisualStudioVersion = 10.0.40219.1
Project("{8BC9CEB8-8B4A-11D0-8D11-00A0C91BC942}") = "MundellProject5", "MundellProject5\MundellProject5.vcxproj", "{B352728A-231D-4A1F-BBA7-02AE5419785F}"
EndProject
Global
	GlobalSection(SolutionConfigurationPlatforms) = preSolution
		Debug|x64 = Debug|x64
		Debug|x86 = Debug|x86
		Release|x64 = Release|x64
		Release|x86 = Release|x86
	EndGlobalSection
	GlobalSection(ProjectConfigurationPlatforms) = postSolution
		{B352728A-231D-4A1F-BBA7-02AE5419785F}.Debug|x64.ActiveCfg = Debug|x64
		{B352728A-231D-4A1F-BBA7-02AE5419785F}.Debug|x64.Build.0 = Debug|x64
		{B352728A-231D-4A1F-BBA7-02AE5419785F}.Debug|x86.ActiveCfg = Debug|Win32
		{B352728A-231D-4A1F-BBA7-02AE5419785F}.Debug|x86.Build.0 = Debug|Win32
		{B352728A-231D-4A1F-BBA7-02AE5419785F}.Release|x64.ActiveCfg = Release|x64
		{B352728A-231D-4A1F-BBA7-02AE5419785F}.Release|x64.Build.0 = Release|x64
		{B352728A-231D-4A1F-BBA7-02AE5419785F}.Release|x86.ActiveCfg = Release|Win32
		{B352728A-231D-4A1F-BBA7-02AE5419785F}.Release|x86.Build.0 = Release|Win32
	EndGlobalSection
	GlobalSection(SolutionProperties) = preSolution
		HideSolutionNode = FALSE
	EndGlobalSection
	GlobalSection(ExtensibilityGlobals) = postSolution
		SolutionGuid = {39ACDECA-5BDD-4C1F-87B5-464ECBF9804D}
	EndGlobalSection
EndGlobal
